{
  "lockfileVersion": 1,
  "workspaces": {
    "": {
      "name": "simple-sdk-samples",
      "dependencies": {
        "@embed-ai/sdk": "latest",
        "effect": ">=3.0.0",
      },
      "devDependencies": {
        "@types/node": "^20.10.0",
        "typescript": "^5.3.0",
      },
    },
  },
  "packages": {
    "@embed-ai/sdk": ["@embed-ai/sdk@0.1.0", "", { "dependencies": { "@embed-ai/types": "^0.1.0", "effect": "latest" } }, "sha512-qqEudBQqZj6Y4v1HGMC1EibDrzLDoF2RXFlW78gL5i/7cVs7vgF8g7Bx26Wxt7JQYcMqXQ6Qfb3B4jAaWq0U/g=="],

    "@embed-ai/types": ["@embed-ai/types@0.1.0", "", { "dependencies": { "effect": "latest" }, "peerDependencies": { "typescript": ">=5.0.0" } }, "sha512-uXa4wttRnTNJ3pUwLgJsRpNKNzGLxIru887idL+FtTGNrK1lflUgAldqpNtV+8YYnScRPLtnQHlWCve6md+U4g=="],

    "@standard-schema/spec": ["@standard-schema/spec@1.0.0", "", {}, "sha512-m2bOd0f2RT9k8QJx1JN85cZYyH1RqFBdlwtkSlf4tBDYLCiiZnv1fIIwacK6cqwXavOydf0NPToMQgpKq+dVlA=="],

    "@types/node": ["@types/node@20.19.6", "", { "dependencies": { "undici-types": "~6.21.0" } }, "sha512-uYssdp9z5zH5GQ0L4zEJ2ZuavYsJwkozjiUzCRfGtaaQcyjAMJ34aP8idv61QlqTozu6kudyr6JMq9Chf09dfA=="],

    "effect": ["effect@3.16.12", "", { "dependencies": { "@standard-schema/spec": "^1.0.0", "fast-check": "^3.23.1" } }, "sha512-N39iBk0K71F9nb442TLbTkjl24FLUzuvx2i1I2RsEAQsdAdUTuUoW0vlfUXgkMTUOnYqKnWcFfqw4hK4Pw27hg=="],

    "fast-check": ["fast-check@3.23.2", "", { "dependencies": { "pure-rand": "^6.1.0" } }, "sha512-h5+1OzzfCC3Ef7VbtKdcv7zsstUQwUDlYpUTvjeUsJAssPgLn7QzbboPtL5ro04Mq0rPOsMzl7q5hIbRs2wD1A=="],

    "pure-rand": ["pure-rand@6.1.0", "", {}, "sha512-bVWawvoZoBYpp6yIoQtQXHZjmz35RSVHnUOTefl8Vcjr8snTPY1wnpSPMWekcFwbxI6gtmT7rSYPFvz71ldiOA=="],

    "typescript": ["typescript@5.8.3", "", { "bin": { "tsc": "bin/tsc", "tsserver": "bin/tsserver" } }, "sha512-p1diW6TqL9L07nNxvRMM7hMMw4c5XOo/1ibL4aAIGmSAt9slTE1Xgw5KWuof2uTOvCg9BY7ZRi+GaF+7sfgPeQ=="],

    "undici-types": ["undici-types@6.21.0", "", {}, "sha512-iwDZqg0QAGrg9Rav5H4n0M64c3mkR59cJ6wQp+7C4nI0gsmExaedaYLNO44eT4AtBBwjbTiGPMlt2Md0T9H9JQ=="],
  }
}
